
Microsoft Visual Studio Solution File, Format Version 12.00
# Visual Studio Version 17
VisualStudioVersion = 17.6.33829.357
MinimumVisualStudioVersion = 10.0.40219.1
Project("{FAE04EC0-301F-11D3-BF4B-00C04F79EFBC}") = "coredemo", "coredemo.csproj", "{328BCDFA-0F9E-48A1-9096-3D14A9B9D147}"
EndProject
Global
	GlobalSection(SolutionConfigurationPlatforms) = preSolution
		Debug|Any CPU = Debug|Any CPU
		Release|Any CPU = Release|Any CPU
	EndGlobalSection
	GlobalSection(ProjectConfigurationPlatforms) = postSolution
		{328BCDFA-0F9E-48A1-9096-3D14A9B9D147}.Debug|Any CPU.ActiveCfg = Debug|Any CPU
		{328BCDFA-0F9E-48A1-9096-3D14A9B9D147}.Debug|Any CPU.Build.0 = Debug|Any CPU
		{328BCDFA-0F9E-48A1-9096-3D14A9B9D147}.Release|Any CPU.ActiveCfg = Release|Any CPU
		{328BCDFA-0F9E-48A1-9096-3D14A9B9D147}.Release|Any CPU.Build.0 = Release|Any CPU
	EndGlobalSection
	GlobalSection(SolutionProperties) = preSolution
		HideSolutionNode = FALSE
	EndGlobalSection
	GlobalSection(ExtensibilityGlobals) = postSolution
		SolutionGuid = {D8AD652E-58F7-4A29-87C6-8CDEBF2CB81E}
	EndGlobalSection
EndGlobal
